// !$*UTF8*$!
{
	archiveVersion = 1;
	classes = {
	};
	objectVersion = 56;
	objects = {

/* Begin PBXBuildFile section */
		5ACE82FC29AFA4EE001405B7 /* AppDelegate.swift in Sources */ = {isa = PBXBuildFile; fileRef = 5ACE82FB29AFA4EE001405B7 /* AppDelegate.swift */; };
		5ACE82FE29AFA4EE001405B7 /* SceneDelegate.swift in Sources */ = {isa = PBXBuildFile; fileRef = 5ACE82FD29AFA4EE001405B7 /* SceneDelegate.swift */; };
		5ACE830029AFA4EE001405B7 /* PDFReaderViewController.swift in Sources */ = {isa = PBXBuildFile; fileRef = 5ACE82FF29AFA4EE001405B7 /* PDFReaderViewController.swift */; };
		5ACE830329AFA4EE001405B7 /* Main.storyboard in Resources */ = {isa = PBXBuildFile; fileRef = 5ACE830129AFA4EE001405B7 /* Main.storyboard */; };
		5ACE830529AFA4EF001405B7 /* Assets.xcassets in Resources */ = {isa = PBXBuildFile; fileRef = 5ACE830429AFA4EF001405B7 /* Assets.xcassets */; };
		5ACE830829AFA4EF001405B7 /* LaunchScreen.storyboard in Resources */ = {isa = PBXBuildFile; fileRef = 5ACE830629AFA4EF001405B7 /* LaunchScreen.storyboard */; };
		5ACE832F29AFA70A001405B7 /* PDFReaderViewModel.swift in Sources */ = {isa = PBXBuildFile; fileRef = 5ACE832E29AFA70A001405B7 /* PDFReaderViewModel.swift */; };
/* End PBXBuildFile section */

/* Begin PBXContainerItemProxy section */
		5ACE830F29AFA4EF001405B7 /* PBXContainerItemProxy */ = {
			isa = PBXContainerItemProxy;
			containerPortal = 5ACE82F029AFA4EE001405B7 /* Project object */;
			proxyType = 1;
			remoteGlobalIDString = 5ACE82F729AFA4EE001405B7;
			remoteInfo = PdfToSpeech;
		};
		5ACE831929AFA4EF001405B7 /* PBXContainerItemProxy */ = {
			isa = PBXContainerItemProxy;
			containerPortal = 5ACE82F029AFA4EE001405B7 /* Project object */;
			proxyType = 1;
			remoteGlobalIDString = 5ACE82F729AFA4EE001405B7;
			remoteInfo = PdfToSpeech;
		};
/* End PBXContainerItemProxy section */

/* Begin PBXFileReference section */
		5ACE82F829AFA4EE001405B7 /* PdfToSpeech.app */ = {isa = PBXFileReference; explicitFileType = wrapper.application; includeInIndex = 0; path = PdfToSpeech.app; sourceTree = BUILT_PRODUCTS_DIR; };
		5ACE82FB29AFA4EE001405B7 /* AppDelegate.swift */ = {isa = PBXFileReference; lastKnownFileType = sourcecode.swift; path = AppDelegate.swift; sourceTree = "<group>"; };
		5ACE82FD29AFA4EE001405B7 /* SceneDelegate.swift */ = {isa = PBXFileReference; lastKnownFileType = sourcecode.swift; path = SceneDelegate.swift; sourceTree = "<group>"; };
		5ACE82FF29AFA4EE001405B7 /* PDFReaderViewController.swift */ = {isa = PBXFileReference; lastKnownFileType = sourcecode.swift; path = PDFReaderViewController.swift; sourceTree = "<group>"; };
		5ACE830229AFA4EE001405B7 /* Base */ = {isa = PBXFileReference; lastKnownFileType = file.storyboard; name = Base; path = Base.lproj/Main.storyboard; sourceTree = "<group>"; };
		5ACE830429AFA4EF001405B7 /* Assets.xcassets */ = {isa = PBXFileReference; lastKnownFileType = folder.assetcatalog; path = Assets.xcassets; sourceTree = "<group>"; };
		5ACE830729AFA4EF001405B7 /* Base */ = {isa = PBXFileReference; lastKnownFileType = file.storyboard; name = Base; path = Base.lproj/LaunchScreen.storyboard; sourceTree = "<group>"; };
		5ACE830929AFA4EF001405B7 /* Info.plist */ = {isa = PBXFileReference; lastKnownFileType = text.plist.xml; path = Info.plist; sourceTree = "<group>"; };
		5ACE830E29AFA4EF001405B7 /* PdfToSpeechTests.xctest */ = {isa = PBXFileReference; explicitFileType = wrapper.cfbundle; includeInIndex = 0; path = PdfToSpeechTests.xctest; sourceTree = BUILT_PRODUCTS_DIR; };
		5ACE831829AFA4EF001405B7 /* PdfToSpeechUITests.xctest */ = {isa = PBXFileReference; explicitFileType = wrapper.cfbundle; includeInIndex = 0; path = PdfToSpeechUITests.xctest; sourceTree = BUILT_PRODUCTS_DIR; };
		5ACE832E29AFA70A001405B7 /* PDFReaderViewModel.swift */ = {isa = PBXFileReference; lastKnownFileType = sourcecode.swift; path = PDFReaderViewModel.swift; sourceTree = "<group>"; };
/* End PBXFileReference section */

/* Begin PBXFrameworksBuildPhase section */
		5ACE82F529AFA4EE001405B7 /* Frameworks */ = {
			isa = PBXFrameworksBuildPhase;
			buildActionMask = 2147483647;
			files = (
			);
			runOnlyForDeploymentPostprocessing = 0;
		};
		5ACE830B29AFA4EF001405B7 /* Frameworks */ = {
			isa = PBXFrameworksBuildPhase;
			buildActionMask = 2147483647;
			files = (
			);
			runOnlyForDeploymentPostprocessing = 0;
		};
		5ACE831529AFA4EF001405B7 /* Frameworks */ = {
			isa = PBXFrameworksBuildPhase;
			buildActionMask = 2147483647;
			files = (
			);
			runOnlyForDeploymentPostprocessing = 0;
		};
/* End PBXFrameworksBuildPhase section */

/* Begin PBXGroup section */
		5ACE82EF29AFA4EE001405B7 = {
			isa = PBXGroup;
			children = (
				5ACE82FA29AFA4EE001405B7 /* PdfToSpeech */,
				5ACE82F929AFA4EE001405B7 /* Products */,
			);
			sourceTree = "<group>";
		};
		5ACE82F929AFA4EE001405B7 /* Products */ = {
			isa = PBXGroup;
			children = (
				5ACE82F829AFA4EE001405B7 /* PdfToSpeech.app */,
				5ACE830E29AFA4EF001405B7 /* PdfToSpeechTests.xctest */,
				5ACE831829AFA4EF001405B7 /* PdfToSpeechUITests.xctest */,
			);
			name = Products;
			sourceTree = "<group>";
		};
		5ACE82FA29AFA4EE001405B7 /* PdfToSpeech */ = {
			isa = PBXGroup;
			children = (
				5ACE832C29AFA500001405B7 /* View */,
				5ACE832B29AFA4F5001405B7 /* ViewModel */,
				5ACE82FB29AFA4EE001405B7 /* AppDelegate.swift */,
				5ACE82FD29AFA4EE001405B7 /* SceneDelegate.swift */,
				5ACE830429AFA4EF001405B7 /* Assets.xcassets */,
				5ACE830629AFA4EF001405B7 /* LaunchScreen.storyboard */,
				5ACE830929AFA4EF001405B7 /* Info.plist */,
			);
			path = PdfToSpeech;
			sourceTree = "<group>";
		};
		5ACE832B29AFA4F5001405B7 /* ViewModel */ = {
			isa = PBXGroup;
			children = (
				5ACE832E29AFA70A001405B7 /* PDFReaderViewModel.swift */,
			);
			path = ViewModel;
			sourceTree = "<group>";
		};
		5ACE832C29AFA500001405B7 /* View */ = {
			isa = PBXGroup;
			children = (
				5ACE830129AFA4EE001405B7 /* Main.storyboard */,
				5ACE82FF29AFA4EE001405B7 /* PDFReaderViewController.swift */,
			);
			path = View;
			sourceTree = "<group>";
		};
/* End PBXGroup section */

/* Begin PBXNativeTarget section */
		5ACE82F729AFA4EE001405B7 /* PdfToSpeech */ = {
			isa = PBXNativeTarget;
			buildConfigurationList = 5ACE832229AFA4EF001405B7 /* Build configuration list for PBXNativeTarget "PdfToSpeech" */;
			buildPhases = (
				5ACE82F429AFA4EE001405B7 /* Sources */,
				5ACE82F529AFA4EE001405B7 /* Frameworks */,
				5ACE82F629AFA4EE001405B7 /* Resources */,
			);
			buildRules = (
			);
			dependencies = (
			);
			name = PdfToSpeech;
			productName = PdfToSpeech;
			productReference = 5ACE82F829AFA4EE001405B7 /* PdfToSpeech.app */;
			productType = "com.apple.product-type.application";
		};
		5ACE830D29AFA4EF001405B7 /* PdfToSpeechTests */ = {
			isa = PBXNativeTarget;
			buildConfigurationList = 5ACE832529AFA4EF001405B7 /* Build configuration list for PBXNativeTarget "PdfToSpeechTests" */;
			buildPhases = (
				5ACE830A29AFA4EF001405B7 /* Sources */,
				5ACE830B29AFA4EF001405B7 /* Frameworks */,
				5ACE830C29AFA4EF001405B7 /* Resources */,
			);
			buildRules = (
			);
			dependencies = (
				5ACE831029AFA4EF001405B7 /* PBXTargetDependency */,
			);
			name = PdfToSpeechTests;
			productName = PdfToSpeechTests;
			productReference = 5ACE830E29AFA4EF001405B7 /* PdfToSpeechTests.xctest */;
			productType = "com.apple.product-type.bundle.unit-test";
		};
		5ACE831729AFA4EF001405B7 /* PdfToSpeechUITests */ = {
			isa = PBXNativeTarget;
			buildConfigurationList = 5ACE832829AFA4EF001405B7 /* Build configuration list for PBXNativeTarget "PdfToSpeechUITests" */;
			buildPhases = (
				5ACE831429AFA4EF001405B7 /* Sources */,
				5ACE831529AFA4EF001405B7 /* Frameworks */,
				5ACE831629AFA4EF001405B7 /* Resources */,
			);
			buildRules = (
			);
			dependencies = (
				5ACE831A29AFA4EF001405B7 /* PBXTargetDependency */,
			);
			name = PdfToSpeechUITests;
			productName = PdfToSpeechUITests;
			productReference = 5ACE831829AFA4EF001405B7 /* PdfToSpeechUITests.xctest */;
			productType = "com.apple.product-type.bundle.ui-testing";
		};
/* End PBXNativeTarget section */

/* Begin PBXProject section */
		5ACE82F029AFA4EE001405B7 /* Project object */ = {
			isa = PBXProject;
			attributes = {
				BuildIndependentTargetsInParallel = 1;
				LastSwiftUpdateCheck = 1420;
				LastUpgradeCheck = 1420;
				TargetAttributes = {
					5ACE82F729AFA4EE001405B7 = {
						CreatedOnToolsVersion = 14.2;
					};
					5ACE830D29AFA4EF001405B7 = {
						CreatedOnToolsVersion = 14.2;
						TestTargetID = 5ACE82F729AFA4EE001405B7;
					};
					5ACE831729AFA4EF001405B7 = {
						CreatedOnToolsVersion = 14.2;
						TestTargetID = 5ACE82F729AFA4EE001405B7;
					};
				};
			};
			buildConfigurationList = 5ACE82F329AFA4EE001405B7 /* Build configuration list for PBXProject "PdfToSpeech" */;
			compatibilityVersion = "Xcode 14.0";
			developmentRegion = en;
			hasScannedForEncodings = 0;
			knownRegions = (
				en,
				Base,
			);
			mainGroup = 5ACE82EF29AFA4EE001405B7;
			productRefGroup = 5ACE82F929AFA4EE001405B7 /* Products */;
			projectDirPath = "";
			projectRoot = "";
			targets = (
				5ACE82F729AFA4EE001405B7 /* PdfToSpeech */,
				5ACE830D29AFA4EF001405B7 /* PdfToSpeechTests */,
				5ACE831729AFA4EF001405B7 /* PdfToSpeechUITests */,
			);
		};
/* End PBXProject section */

/* Begin PBXResourcesBuildPhase section */
		5ACE82F629AFA4EE001405B7 /* Resources */ = {
			isa = PBXResourcesBuildPhase;
			buildActionMask = 2147483647;
			files = (
				5ACE830829AFA4EF001405B7 /* LaunchScreen.storyboard in Resources */,
				5ACE830529AFA4EF001405B7 /* Assets.xcassets in Resources */,
				5ACE830329AFA4EE001405B7 /* Main.storyboard in Resources */,
			);
			runOnlyForDeploymentPostprocessing = 0;
		};
		5ACE830C29AFA4EF001405B7 /* Resources */ = {
			isa = PBXResourcesBuildPhase;
			buildActionMask = 2147483647;
			files = (
			);
			runOnlyForDeploymentPostprocessing = 0;
		};
		5ACE831629AFA4EF001405B7 /* Resources */ = {
			isa = PBXResourcesBuildPhase;
			buildActionMask = 2147483647;
			files = (
			);
			runOnlyForDeploymentPostprocessing = 0;
		};
/* End PBXResourcesBuildPhase section */

/* Begin PBXSourcesBuildPhase section */
		5ACE82F429AFA4EE001405B7 /* Sources */ = {
			isa = PBXSourcesBuildPhase;
			buildActionMask = 2147483647;
			files = (
				5ACE832F29AFA70A001405B7 /* PDFReaderViewModel.swift in Sources */,
				5ACE830029AFA4EE001405B7 /* PDFReaderViewController.swift in Sources */,
				5ACE82FC29AFA4EE001405B7 /* AppDelegate.swift in Sources */,
				5ACE82FE29AFA4EE001405B7 /* SceneDelegate.swift in Sources */,
			);
			runOnlyForDeploymentPostprocessing = 0;
		};
		5ACE830A29AFA4EF001405B7 /* Sources */ = {
			isa = PBXSourcesBuildPhase;
			buildActionMask = 2147483647;
			files = (
			);
			runOnlyForDeploymentPostprocessing = 0;
		};
		5ACE831429AFA4EF001405B7 /* Sources */ = {
			isa = PBXSourcesBuildPhase;
			buildActionMask = 2147483647;
			files = (
			);
			runOnlyForDeploymentPostprocessing = 0;
		};
/* End PBXSourcesBuildPhase section */

/* Begin PBXTargetDependency section */
		5ACE831029AFA4EF001405B7 /* PBXTargetDependency */ = {
			isa = PBXTargetDependency;
			target = 5ACE82F729AFA4EE001405B7 /* PdfToSpeech */;
			targetProxy = 5ACE830F29AFA4EF001405B7 /* PBXContainerItemProxy */;
		};
		5ACE831A29AFA4EF001405B7 /* PBXTargetDependency */ = {
			isa = PBXTargetDependency;
			target = 5ACE82F729AFA4EE001405B7 /* PdfToSpeech */;
			targetProxy = 5ACE831929AFA4EF001405B7 /* PBXContainerItemProxy */;
		};
/* End PBXTargetDependency section */

/* Begin PBXVariantGroup section */
		5ACE830129AFA4EE001405B7 /* Main.storyboard */ = {
			isa = PBXVariantGroup;
			children = (
				5ACE830229AFA4EE001405B7 /* Base */,
			);
			name = Main.storyboard;
			sourceTree = "<group>";
		};
		5ACE830629AFA4EF001405B7 /* LaunchScreen.storyboard */ = {
			isa = PBXVariantGroup;
			children = (
				5ACE830729AFA4EF001405B7 /* Base */,
			);
			name = LaunchScreen.storyboard;
			sourceTree = "<group>";
		};
/* End PBXVariantGroup section */

/* Begin XCBuildConfiguration section */
		5ACE832029AFA4EF001405B7 /* Debug */ = {
			isa = XCBuildConfiguration;
			buildSettings = {
				ALWAYS_SEARCH_USER_PATHS = NO;
				CLANG_ANALYZER_NONNULL = YES;
				CLANG_ANALYZER_NUMBER_OBJECT_CONVERSION = YES_AGGRESSIVE;
				CLANG_CXX_LANGUAGE_STANDARD = "gnu++20";
				CLANG_ENABLE_MODULES = YES;
				CLANG_ENABLE_OBJC_ARC = YES;
				CLANG_ENABLE_OBJC_WEAK = YES;
				CLANG_WARN_BLOCK_CAPTURE_AUTORELEASING = YES;
				CLANG_WARN_BOOL_CONVERSION = YES;
				CLANG_WARN_COMMA = YES;
				CLANG_WARN_CONSTANT_CONVERSION = YES;
				CLANG_WARN_DEPRECATED_OBJC_IMPLEMENTATIONS = YES;
				CLANG_WARN_DIRECT_OBJC_ISA_USAGE = YES_ERROR;
				CLANG_WARN_DOCUMENTATION_COMMENTS = YES;
				CLANG_WARN_EMPTY_BODY = YES;
				CLANG_WARN_ENUM_CONVERSION = YES;
				CLANG_WARN_INFINITE_RECURSION = YES;
				CLANG_WARN_INT_CONVERSION = YES;
				CLANG_WARN_NON_LITERAL_NULL_CONVERSION = YES;
				CLANG_WARN_OBJC_IMPLICIT_RETAIN_SELF = YES;
				CLANG_WARN_OBJC_LITERAL_CONVERSION = YES;
				CLANG_WARN_OBJC_ROOT_CLASS = YES_ERROR;
				CLANG_WARN_QUOTED_INCLUDE_IN_FRAMEWORK_HEADER = YES;
				CLANG_WARN_RANGE_LOOP_ANALYSIS = YES;
				CLANG_WARN_STRICT_PROTOTYPES = YES;
				CLANG_WARN_SUSPICIOUS_MOVE = YES;
				CLANG_WARN_UNGUARDED_AVAILABILITY = YES_AGGRESSIVE;
				CLANG_WARN_UNREACHABLE_CODE = YES;
				CLANG_WARN__DUPLICATE_METHOD_MATCH = YES;
				COPY_PHASE_STRIP = NO;
				DEBUG_INFORMATION_FORMAT = dwarf;
				ENABLE_STRICT_OBJC_MSGSEND = YES;
				ENABLE_TESTABILITY = YES;
				GCC_C_LANGUAGE_STANDARD = gnu11;
				GCC_DYNAMIC_NO_PIC = NO;
				GCC_NO_COMMON_BLOCKS = YES;
				GCC_OPTIMIZATION_LEVEL = 0;
				GCC_PREPROCESSOR_DEFINITIONS = (
					"DEBUG=1",
					"$(inherited)",
				);
				GCC_WARN_64_TO_32_BIT_CONVERSION = YES;
				GCC_WARN_ABOUT_RETURN_TYPE = YES_ERROR;
				GCC_WARN_UNDECLARED_SELECTOR = YES;
				GCC_WARN_UNINITIALIZED_AUTOS = YES_AGGRESSIVE;
				GCC_WARN_UNUSED_FUNCTION = YES;
				GCC_WARN_UNUSED_VARIABLE = YES;
				IPHONEOS_DEPLOYMENT_TARGET = 16.2;
				MTL_ENABLE_DEBUG_INFO = INCLUDE_SOURCE;
				MTL_FAST_MATH = YES;
				ONLY_ACTIVE_ARCH = YES;
				SDKROOT = iphoneos;
				SWIFT_ACTIVE_COMPILATION_CONDITIONS = DEBUG;
				SWIFT_OPTIMIZATION_LEVEL = "-Onone";
			};
			name = Debug;
		};
		5ACE832129AFA4EF001405B7 /* Release */ = {
			isa = XCBuildConfiguration;
			buildSettings = {
				ALWAYS_SEARCH_USER_PATHS = NO;
				CLANG_ANALYZER_NONNULL = YES;
				CLANG_ANALYZER_NUMBER_OBJECT_CONVERSION = YES_AGGRESSIVE;
				CLANG_CXX_LANGUAGE_STANDARD = "gnu++20";
				CLANG_ENABLE_MODULES = YES;
				CLANG_ENABLE_OBJC_ARC = YES;
				CLANG_ENABLE_OBJC_WEAK = YES;
				CLANG_WARN_BLOCK_CAPTURE_AUTORELEASING = YES;
				CLANG_WARN_BOOL_CONVERSION = YES;
				CLANG_WARN_COMMA = YES;
				CLANG_WARN_CONSTANT_CONVERSION = YES;
				CLANG_WARN_DEPRECATED_OBJC_IMPLEMENTATIONS = YES;
				CLANG_WARN_DIRECT_OBJC_ISA_USAGE = YES_ERROR;
				CLANG_WARN_DOCUMENTATION_COMMENTS = YES;
				CLANG_WARN_EMPTY_BODY = YES;
				CLANG_WARN_ENUM_CONVERSION = YES;
				CLANG_WARN_INFINITE_RECURSION = YES;
				CLANG_WARN_INT_CONVERSION = YES;
				CLANG_WARN_NON_LITERAL_NULL_CONVERSION = YES;
				CLANG_WARN_OBJC_IMPLICIT_RETAIN_SELF = YES;
				CLANG_WARN_OBJC_LITERAL_CONVERSION = YES;
				CLANG_WARN_OBJC_ROOT_CLASS = YES_ERROR;
				CLANG_WARN_QUOTED_INCLUDE_IN_FRAMEWORK_HEADER = YES;
				CLANG_WARN_RANGE_LOOP_ANALYSIS = YES;
				CLANG_WARN_STRICT_PROTOTYPES = YES;
				CLANG_WARN_SUSPICIOUS_MOVE = YES;
				CLANG_WARN_UNGUARDED_AVAILABILITY = YES_AGGRESSIVE;
				CLANG_WARN_UNREACHABLE_CODE = YES;
				CLANG_WARN__DUPLICATE_METHOD_MATCH = YES;
				COPY_PHASE_STRIP = NO;
				DEBUG_INFORMATION_FORMAT = "dwarf-with-dsym";
				ENABLE_NS_ASSERTIONS = NO;
				ENABLE_STRICT_OBJC_MSGSEND = YES;
				GCC_C_LANGUAGE_STANDARD = gnu11;
				GCC_NO_COMMON_BLOCKS = YES;
				GCC_WARN_64_TO_32_BIT_CONVERSION = YES;
				GCC_WARN_ABOUT_RETURN_TYPE = YES_ERROR;
				GCC_WARN_UNDECLARED_SELECTOR = YES;
				GCC_WARN_UNINITIALIZED_AUTOS = YES_AGGRESSIVE;
				GCC_WARN_UNUSED_FUNCTION = YES;
				GCC_WARN_UNUSED_VARIABLE = YES;
				IPHONEOS_DEPLOYMENT_TARGET = 16.2;
				MTL_ENABLE_DEBUG_INFO = NO;
				MTL_FAST_MATH = YES;
				SDKROOT = iphoneos;
				SWIFT_COMPILATION_MODE = wholemodule;
				SWIFT_OPTIMIZATION_LEVEL = "-O";
				VALIDATE_PRODUCT = YES;
			};
			name = Release;
		};
		5ACE832329AFA4EF001405B7 /* Debug */ = {
			isa = XCBuildConfiguration;
			buildSettings = {
				ASSETCATALOG_COMPILER_APPICON_NAME = AppIcon;
				ASSETCATALOG_COMPILER_GLOBAL_ACCENT_COLOR_NAME = AccentColor;
				CODE_SIGN_STYLE = Manual;
				CURRENT_PROJECT_VERSION = 1;
				DEVELOPMENT_TEAM = "";
				GENERATE_INFOPLIST_FILE = YES;
				INFOPLIST_FILE = PdfToSpeech/Info.plist;
				INFOPLIST_KEY_UIApplicationSupportsIndirectInputEvents = YES;
				INFOPLIST_KEY_UILaunchStoryboardName = LaunchScreen;
				INFOPLIST_KEY_UIMainStoryboardFile = Main;
				INFOPLIST_KEY_UISupportedInterfaceOrientations_iPad = "UIInterfaceOrientationPortrait UIInterfaceOrientationPortraitUpsideDown UIInterfaceOrientationLandscapeLeft UIInterfaceOrientationLandscapeRight";
				INFOPLIST_KEY_UISupportedInterfaceOrientations_iPhone = "UIInterfaceOrientationPortrait UIInterfaceOrientationLandscapeLeft UIInterfaceOrientationLandscapeRight";
				LD_RUNPATH_SEARCH_PATHS = (
					"$(inherited)",
					"@executable_path/Frameworks",
				);
				MARKETING_VERSION = 1.0;
				PRODUCT_BUNDLE_IDENTIFIER = com.practical.priyankaVithani.PdfToSpeech;
				PRODUCT_NAME = "$(TARGET_NAME)";
				PROVISIONING_PROFILE_SPECIFIER = "";
				SWIFT_EMIT_LOC_STRINGS = YES;
				SWIFT_VERSION = 5.0;
				TARGETED_DEVICE_FAMILY = "1,2";
			};
			name = Debug;
		};
		5ACE832429AFA4EF001405B7 /* Release */ = {
			isa = XCBuildConfiguration;
			buildSettings = {
				ASSETCATALOG_COMPILER_APPICON_NAME = AppIcon;
				ASSETCATALOG_COMPILER_GLOBAL_ACCENT_COLOR_NAME = AccentColor;
				CODE_SIGN_STYLE = Manual;
				CURRENT_PROJECT_VERSION = 1;
				DEVELOPMENT_TEAM = "";
				GENERATE_INFOPLIST_FILE = YES;
				INFOPLIST_FILE = PdfToSpeech/Info.plist;
				INFOPLIST_KEY_UIApplicationSupportsIndirectInputEvents = YES;
				INFOPLIST_KEY_UILaunchStoryboardName = LaunchScreen;
				INFOPLIST_KEY_UIMainStoryboardFile = Main;
				INFOPLIST_KEY_UISupportedInterfaceOrientations_iPad = "UIInterfaceOrientationPortrait UIInterfaceOrientationPortraitUpsideDown UIInterfaceOrientationLandscapeLeft UIInterfaceOrientationLandscapeRight";
				INFOPLIST_KEY_UISupportedInterfaceOrientations_iPhone = "UIInterfaceOrientationPortrait UIInterfaceOrientationLandscapeLeft UIInterfaceOrientationLandscapeRight";
				LD_RUNPATH_SEARCH_PATHS = (
					"$(inherited)",
					"@executable_path/Frameworks",
				);
				MARKETING_VERSION = 1.0;
				PRODUCT_BUNDLE_IDENTIFIER = com.practical.priyankaVithani.PdfToSpeech;
				PRODUCT_NAME = "$(TARGET_NAME)";
				PROVISIONING_PROFILE_SPECIFIER = "";
				SWIFT_EMIT_LOC_STRINGS = YES;
				SWIFT_VERSION = 5.0;
				TARGETED_DEVICE_FAMILY = "1,2";
			};
			name = Release;
		};
		5ACE832629AFA4EF001405B7 /* Debug */ = {
			isa = XCBuildConfiguration;
			buildSettings = {
				ALWAYS_EMBED_SWIFT_STANDARD_LIBRARIES = YES;
				BUNDLE_LOADER = "$(TEST_HOST)";
				CODE_SIGN_STYLE = Automatic;
				CURRENT_PROJECT_VERSION = 1;
				GENERATE_INFOPLIST_FILE = YES;
				IPHONEOS_DEPLOYMENT_TARGET = 16.2;
				MARKETING_VERSION = 1.0;
				PRODUCT_BUNDLE_IDENTIFIER = com.practical.priyankaVithani.PdfToSpeechTests;
				PRODUCT_NAME = "$(TARGET_NAME)";
				SWIFT_EMIT_LOC_STRINGS = NO;
				SWIFT_VERSION = 5.0;
				TARGETED_DEVICE_FAMILY = "1,2";
				TEST_HOST = "$(BUILT_PRODUCTS_DIR)/PdfToSpeech.app/$(BUNDLE_EXECUTABLE_FOLDER_PATH)/PdfToSpeech";
			};
			name = Debug;
		};
		5ACE832729AFA4EF001405B7 /* Release */ = {
			isa = XCBuildConfiguration;
			buildSettings = {
				ALWAYS_EMBED_SWIFT_STANDARD_LIBRARIES = YES;
				BUNDLE_LOADER = "$(TEST_HOST)";
				CODE_SIGN_STYLE = Automatic;
				CURRENT_PROJECT_VERSION = 1;
				GENERATE_INFOPLIST_FILE = YES;
				IPHONEOS_DEPLOYMENT_TARGET = 16.2;
				MARKETING_VERSION = 1.0;
				PRODUCT_BUNDLE_IDENTIFIER = com.practical.priyankaVithani.PdfToSpeechTests;
				PRODUCT_NAME = "$(TARGET_NAME)";
				SWIFT_EMIT_LOC_STRINGS = NO;
				SWIFT_VERSION = 5.0;
				TARGETED_DEVICE_FAMILY = "1,2";
				TEST_HOST = "$(BUILT_PRODUCTS_DIR)/PdfToSpeech.app/$(BUNDLE_EXECUTABLE_FOLDER_PATH)/PdfToSpeech";
			};
			name = Release;
		};
		5ACE832929AFA4EF001405B7 /* Debug */ = {
			isa = XCBuildConfiguration;
			buildSettings = {
				ALWAYS_EMBED_SWIFT_STANDARD_LIBRARIES = YES;
				CODE_SIGN_STYLE = Automatic;
				CURRENT_PROJECT_VERSION = 1;
				GENERATE_INFOPLIST_FILE = YES;
				MARKETING_VERSION = 1.0;
				PRODUCT_BUNDLE_IDENTIFIER = com.practical.priyankaVithani.PdfToSpeechUITests;
				PRODUCT_NAME = "$(TARGET_NAME)";
				SWIFT_EMIT_LOC_STRINGS = NO;
				SWIFT_VERSION = 5.0;
				TARGETED_DEVICE_FAMILY = "1,2";
				TEST_TARGET_NAME = PdfToSpeech;
			};
			name = Debug;
		};
		5ACE832A29AFA4EF001405B7 /* Release */ = {
			isa = XCBuildConfiguration;
			buildSettings = {
				ALWAYS_EMBED_SWIFT_STANDARD_LIBRARIES = YES;
				CODE_SIGN_STYLE = Automatic;
				CURRENT_PROJECT_VERSION = 1;
				GENERATE_INFOPLIST_FILE = YES;
				MARKETING_VERSION = 1.0;
				PRODUCT_BUNDLE_IDENTIFIER = com.practical.priyankaVithani.PdfToSpeechUITests;
				PRODUCT_NAME = "$(TARGET_NAME)";
				SWIFT_EMIT_LOC_STRINGS = NO;
				SWIFT_VERSION = 5.0;
				TARGETED_DEVICE_FAMILY = "1,2";
				TEST_TARGET_NAME = PdfToSpeech;
			};
			name = Release;
		};
/* End XCBuildConfiguration section */

/* Begin XCConfigurationList section */
		5ACE82F329AFA4EE001405B7 /* Build configuration list for PBXProject "PdfToSpeech" */ = {
			isa = XCConfigurationList;
			buildConfigurations = (
				5ACE832029AFA4EF001405B7 /* Debug */,
				5ACE832129AFA4EF001405B7 /* Release */,
			);
			defaultConfigurationIsVisible = 0;
			defaultConfigurationName = Release;
		};
		5ACE832229AFA4EF001405B7 /* Build configuration list for PBXNativeTarget "PdfToSpeech" */ = {
			isa = XCConfigurationList;
			buildConfigurations = (
				5ACE832329AFA4EF001405B7 /* Debug */,
				5ACE832429AFA4EF001405B7 /* Release */,
			);
			defaultConfigurationIsVisible = 0;
			defaultConfigurationName = Release;
		};
		5ACE832529AFA4EF001405B7 /* Build configuration list for PBXNativeTarget "PdfToSpeechTests" */ = {
			isa = XCConfigurationList;
			buildConfigurations = (
				5ACE832629AFA4EF001405B7 /* Debug */,
				5ACE832729AFA4EF001405B7 /* Release */,
			);
			defaultConfigurationIsVisible = 0;
			defaultConfigurationName = Release;
		};
		5ACE832829AFA4EF001405B7 /* Build configuration list for PBXNativeTarget "PdfToSpeechUITests" */ = {
			isa = XCConfigurationList;
			buildConfigurations = (
				5ACE832929AFA4EF001405B7 /* Debug */,
				5ACE832A29AFA4EF001405B7 /* Release */,
			);
			defaultConfigurationIsVisible = 0;
			defaultConfigurationName = Release;
		};
/* End XCConfigurationList section */
	};
	rootObject = 5ACE82F029AFA4EE001405B7 /* Project object */;
}
